
Microsoft Visual Studio Solution File, Format Version 12.00
# Visual Studio 2012
Project("{FAE04EC0-301F-11D3-BF4B-00C04F79EFBC}") = "BD2012", "BD2012\BD2012.csproj", "{E2E48637-9670-4E43-95A0-6BA28FDB4AFC}"
EndProject
Project("{FAE04EC0-301F-11D3-BF4B-00C04F79EFBC}") = "bd2012.data", "bd2012.data\bd2012.data.csproj", "{8D5F7918-765F-4D73-8B9C-65D00136F623}"
EndProject
Global
	GlobalSection(SolutionConfigurationPlatforms) = preSolution
		Debug|Any CPU = Debug|Any CPU
		Release|Any CPU = Release|Any CPU
	EndGlobalSection
	GlobalSection(ProjectConfigurationPlatforms) = postSolution
		{8D5F7918-765F-4D73-8B9C-65D00136F623}.Debug|Any CPU.ActiveCfg = Debug|Any CPU
		{8D5F7918-765F-4D73-8B9C-65D00136F623}.Debug|Any CPU.Build.0 = Debug|Any CPU
		{8D5F7918-765F-4D73-8B9C-65D00136F623}.Release|Any CPU.ActiveCfg = Release|Any CPU
		{8D5F7918-765F-4D73-8B9C-65D00136F623}.Release|Any CPU.Build.0 = Release|Any CPU
		{E2E48637-9670-4E43-95A0-6BA28FDB4AFC}.Debug|Any CPU.ActiveCfg = Debug|Any CPU
		{E2E48637-9670-4E43-95A0-6BA28FDB4AFC}.Debug|Any CPU.Build.0 = Debug|Any CPU
		{E2E48637-9670-4E43-95A0-6BA28FDB4AFC}.Release|Any CPU.ActiveCfg = Release|Any CPU
		{E2E48637-9670-4E43-95A0-6BA28FDB4AFC}.Release|Any CPU.Build.0 = Release|Any CPU
	EndGlobalSection
	GlobalSection(SolutionProperties) = preSolution
		HideSolutionNode = FALSE
	EndGlobalSection
EndGlobal
